
Microsoft Visual Studio Solution File, Format Version 12.00
# Visual Studio Version 17
VisualStudioVersion = 17.13.36105.23
MinimumVisualStudioVersion = 10.0.40219.1
Project("{2150E333-8FDC-42A3-9474-1A3956D46DE8}") = "src", "src", "{1285C9FC-1DC2-4A0F-B3B0-642699E0EFF7}"
EndProject
Project("{2150E333-8FDC-42A3-9474-1A3956D46DE8}") = "test", "test", "{99599839-F0FE-4C94-8D80-DF2231690DD2}"
EndProject
Project("{2150E333-8FDC-42A3-9474-1A3956D46DE8}") = "Api", "Api", "{CADA5D75-4627-483D-BBA6-D9819C58BDD6}"
EndProject
Project("{2150E333-8FDC-42A3-9474-1A3956D46DE8}") = "Core", "Core", "{5602FF29-572B-4960-8CB2-151FAB7376E0}"
EndProject
Project("{2150E333-8FDC-42A3-9474-1A3956D46DE8}") = "Infrastructure", "Infrastructure", "{F043A909-51A0-4CE9-A79C-5B525D9CC4EB}"
EndProject
Project("{2150E333-8FDC-42A3-9474-1A3956D46DE8}") = "Ui", "Ui", "{88C4B912-A1AD-45D7-AD30-752B2C7B5238}"
EndProject
Project("{FAE04EC0-301F-11D3-BF4B-00C04F79EFBC}") = "GmailClient.Domain", "GmailClient.DomaIn\GmailClient.Domain.csproj", "{80E695EC-A3F0-487B-9CA0-D07147092067}"
EndProject
Project("{FAE04EC0-301F-11D3-BF4B-00C04F79EFBC}") = "GmailClient.Application", "GmailClient.Application\GmailClient.Application.csproj", "{2493956D-E312-4474-A5C4-D65F8B6E3E94}"
EndProject
Project("{FAE04EC0-301F-11D3-BF4B-00C04F79EFBC}") = "GmailClient.Persistence", "GmailClient.Persistence\GmailClient.Persistence.csproj", "{EE03A487-835C-4597-8240-01EF50878F3F}"
EndProject
Project("{FAE04EC0-301F-11D3-BF4B-00C04F79EFBC}") = "GmailClient.Infrastructure", "GmailClient.Infrastructure\GmailClient.Infrastructure.csproj", "{06381C7B-6E38-4EA3-BF89-00CDA3792617}"
EndProject
Project("{FAE04EC0-301F-11D3-BF4B-00C04F79EFBC}") = "GmailClient.Api", "GmailClient.Api\GmailClient.Api.csproj", "{44428332-1FB3-438E-A240-5656FAE639F1}"
EndProject
Project("{FAE04EC0-301F-11D3-BF4B-00C04F79EFBC}") = "GmailClient.Identity", "GmailClient.Identity\GmailClient.Identity.csproj", "{EA49BA0C-58B9-4326-8736-925F27A94E86}"
EndProject
Project("{FAE04EC0-301F-11D3-BF4B-00C04F79EFBC}") = "GmailClient.Ui", "GmailClient.Ui\GmailClient.Ui.csproj", "{17753C1C-6863-4FA6-9EEF-77AD0B11CFFA}"
EndProject
Project("{FAE04EC0-301F-11D3-BF4B-00C04F79EFBC}") = "GmailClient.Tests", "GmailClient.Tests\GmailClient.Tests.csproj", "{44C5F781-436C-4DAB-91BE-3AF25EE85F96}"
EndProject
Global
	GlobalSection(SolutionConfigurationPlatforms) = preSolution
		Debug|Any CPU = Debug|Any CPU
		Release|Any CPU = Release|Any CPU
	EndGlobalSection
	GlobalSection(ProjectConfigurationPlatforms) = postSolution
		{80E695EC-A3F0-487B-9CA0-D07147092067}.Debug|Any CPU.ActiveCfg = Debug|Any CPU
		{80E695EC-A3F0-487B-9CA0-D07147092067}.Debug|Any CPU.Build.0 = Debug|Any CPU
		{80E695EC-A3F0-487B-9CA0-D07147092067}.Release|Any CPU.ActiveCfg = Release|Any CPU
		{80E695EC-A3F0-487B-9CA0-D07147092067}.Release|Any CPU.Build.0 = Release|Any CPU
		{2493956D-E312-4474-A5C4-D65F8B6E3E94}.Debug|Any CPU.ActiveCfg = Debug|Any CPU
		{2493956D-E312-4474-A5C4-D65F8B6E3E94}.Debug|Any CPU.Build.0 = Debug|Any CPU
		{2493956D-E312-4474-A5C4-D65F8B6E3E94}.Release|Any CPU.ActiveCfg = Release|Any CPU
		{2493956D-E312-4474-A5C4-D65F8B6E3E94}.Release|Any CPU.Build.0 = Release|Any CPU
		{EE03A487-835C-4597-8240-01EF50878F3F}.Debug|Any CPU.ActiveCfg = Debug|Any CPU
		{EE03A487-835C-4597-8240-01EF50878F3F}.Debug|Any CPU.Build.0 = Debug|Any CPU
		{EE03A487-835C-4597-8240-01EF50878F3F}.Release|Any CPU.ActiveCfg = Release|Any CPU
		{EE03A487-835C-4597-8240-01EF50878F3F}.Release|Any CPU.Build.0 = Release|Any CPU
		{06381C7B-6E38-4EA3-BF89-00CDA3792617}.Debug|Any CPU.ActiveCfg = Debug|Any CPU
		{06381C7B-6E38-4EA3-BF89-00CDA3792617}.Debug|Any CPU.Build.0 = Debug|Any CPU
		{06381C7B-6E38-4EA3-BF89-00CDA3792617}.Release|Any CPU.ActiveCfg = Release|Any CPU
		{06381C7B-6E38-4EA3-BF89-00CDA3792617}.Release|Any CPU.Build.0 = Release|Any CPU
		{44428332-1FB3-438E-A240-5656FAE639F1}.Debug|Any CPU.ActiveCfg = Debug|Any CPU
		{44428332-1FB3-438E-A240-5656FAE639F1}.Debug|Any CPU.Build.0 = Debug|Any CPU
		{44428332-1FB3-438E-A240-5656FAE639F1}.Release|Any CPU.ActiveCfg = Release|Any CPU
		{44428332-1FB3-438E-A240-5656FAE639F1}.Release|Any CPU.Build.0 = Release|Any CPU
		{EA49BA0C-58B9-4326-8736-925F27A94E86}.Debug|Any CPU.ActiveCfg = Debug|Any CPU
		{EA49BA0C-58B9-4326-8736-925F27A94E86}.Debug|Any CPU.Build.0 = Debug|Any CPU
		{EA49BA0C-58B9-4326-8736-925F27A94E86}.Release|Any CPU.ActiveCfg = Release|Any CPU
		{EA49BA0C-58B9-4326-8736-925F27A94E86}.Release|Any CPU.Build.0 = Release|Any CPU
		{17753C1C-6863-4FA6-9EEF-77AD0B11CFFA}.Debug|Any CPU.ActiveCfg = Debug|Any CPU
		{17753C1C-6863-4FA6-9EEF-77AD0B11CFFA}.Debug|Any CPU.Build.0 = Debug|Any CPU
		{17753C1C-6863-4FA6-9EEF-77AD0B11CFFA}.Release|Any CPU.ActiveCfg = Release|Any CPU
		{17753C1C-6863-4FA6-9EEF-77AD0B11CFFA}.Release|Any CPU.Build.0 = Release|Any CPU
		{44C5F781-436C-4DAB-91BE-3AF25EE85F96}.Debug|Any CPU.ActiveCfg = Debug|Any CPU
		{44C5F781-436C-4DAB-91BE-3AF25EE85F96}.Debug|Any CPU.Build.0 = Debug|Any CPU
		{44C5F781-436C-4DAB-91BE-3AF25EE85F96}.Release|Any CPU.ActiveCfg = Release|Any CPU
		{44C5F781-436C-4DAB-91BE-3AF25EE85F96}.Release|Any CPU.Build.0 = Release|Any CPU
	EndGlobalSection
	GlobalSection(SolutionProperties) = preSolution
		HideSolutionNode = FALSE
	EndGlobalSection
	GlobalSection(NestedProjects) = preSolution
		{CADA5D75-4627-483D-BBA6-D9819C58BDD6} = {1285C9FC-1DC2-4A0F-B3B0-642699E0EFF7}
		{5602FF29-572B-4960-8CB2-151FAB7376E0} = {1285C9FC-1DC2-4A0F-B3B0-642699E0EFF7}
		{F043A909-51A0-4CE9-A79C-5B525D9CC4EB} = {1285C9FC-1DC2-4A0F-B3B0-642699E0EFF7}
		{88C4B912-A1AD-45D7-AD30-752B2C7B5238} = {1285C9FC-1DC2-4A0F-B3B0-642699E0EFF7}
		{80E695EC-A3F0-487B-9CA0-D07147092067} = {5602FF29-572B-4960-8CB2-151FAB7376E0}
		{2493956D-E312-4474-A5C4-D65F8B6E3E94} = {5602FF29-572B-4960-8CB2-151FAB7376E0}
		{EE03A487-835C-4597-8240-01EF50878F3F} = {F043A909-51A0-4CE9-A79C-5B525D9CC4EB}
		{06381C7B-6E38-4EA3-BF89-00CDA3792617} = {F043A909-51A0-4CE9-A79C-5B525D9CC4EB}
		{44428332-1FB3-438E-A240-5656FAE639F1} = {CADA5D75-4627-483D-BBA6-D9819C58BDD6}
		{EA49BA0C-58B9-4326-8736-925F27A94E86} = {F043A909-51A0-4CE9-A79C-5B525D9CC4EB}
		{17753C1C-6863-4FA6-9EEF-77AD0B11CFFA} = {88C4B912-A1AD-45D7-AD30-752B2C7B5238}
		{44C5F781-436C-4DAB-91BE-3AF25EE85F96} = {99599839-F0FE-4C94-8D80-DF2231690DD2}
	EndGlobalSection
	GlobalSection(ExtensibilityGlobals) = postSolution
		SolutionGuid = {7C5DEC07-6D2E-46BB-95BB-241B240C5D31}
	EndGlobalSection
EndGlobal
